
Microsoft Visual Studio Solution File, Format Version 12.00
# Visual Studio Version 17
VisualStudioVersion = 17.8.34316.72
MinimumVisualStudioVersion = 10.0.40219.1
Project("{FAE04EC0-301F-11D3-BF4B-00C04F79EFBC}") = "Labb 4 - Indivituellt_Databasprojekt", "Labb 4 - Indivituellt_Databasprojekt\Labb 4 - Indivituellt_Databasprojekt.csproj", "{42DFD64B-E2E2-4B78-94B4-7142A192E072}"
EndProject
Global
	GlobalSection(SolutionConfigurationPlatforms) = preSolution
		Debug|Any CPU = Debug|Any CPU
		Release|Any CPU = Release|Any CPU
	EndGlobalSection
	GlobalSection(ProjectConfigurationPlatforms) = postSolution
		{42DFD64B-E2E2-4B78-94B4-7142A192E072}.Debug|Any CPU.ActiveCfg = Debug|Any CPU
		{42DFD64B-E2E2-4B78-94B4-7142A192E072}.Debug|Any CPU.Build.0 = Debug|Any CPU
		{42DFD64B-E2E2-4B78-94B4-7142A192E072}.Release|Any CPU.ActiveCfg = Release|Any CPU
		{42DFD64B-E2E2-4B78-94B4-7142A192E072}.Release|Any CPU.Build.0 = Release|Any CPU
	EndGlobalSection
	GlobalSection(SolutionProperties) = preSolution
		HideSolutionNode = FALSE
	EndGlobalSection
	GlobalSection(ExtensibilityGlobals) = postSolution
		SolutionGuid = {B27C6169-87F7-415F-8882-639BD4DDEA7F}
	EndGlobalSection
EndGlobal
